{
  "nodes": {
    "nixpkgs": {
      "inputs": {
        "nixpkgs": "nixpkgs_2"
      },
      "locked": {
        "lastModified": 1790269931,
        "narHash": "sha256-8ZidJViWJ16YDcJ7hMXciaH/c61Cn0OTUvHD9aLYoQE=",
        "owner": "nix-ocaml",
        "repo": "nix-overlays",
        "rev": "25da46e9d16f6630ed098c9d54b5b247e26adfd4",
        "type": "github"
      },
      "original": {
        "owner": "nix-ocaml",
        "repo": "nix-overlays",
        "type": "github"
      }
    },
    "nixpkgs_2": {
      "locked": {
        "lastModified": 1790229617,
        "narHash": "sha256-pumyL5IDyacNN0QlaBeQmfF8WGb0sEG9/IX8djC1KfM=",
        "owner": "NixOS",
        "repo": "nixpkgs",
        "rev": "a91f9ce905017e7d1c70b1a965d464c9840afecd",
        "type": "github"
      },
      "original": {
        "owner": "NixOS",
        "repo": "nixpkgs",
        "rev": "a91f9ce905017e7d1c70b1a965d464c9840afecd",
        "type": "github"
      }
    },
    "root": {
      "inputs": {
        "nixpkgs": "nixpkgs",
        "treefmt-nix": "treefmt-nix"
      }
    },
    "treefmt-nix": {
      "inputs": {
        "nixpkgs": [
          "nixpkgs"
        ]
      },
      "locked": {
        "lastModified": 1786901030,
        "narHash": "sha256-WSFCsDSE5ffgD2MqzkM2CYjeFiKhRF/dJUN8uedb6YE=",
        "owner": "numtide",
        "repo": "treefmt-nix",
        "rev": "27b3b12a8e6375f28ebe122f07d230ca5459bbfa",
        "type": "github"
      },
      "original": {
        "owner": "numtide",
        "repo": "treefmt-nix",
        "type": "github"
      }
    }
  },
  "root": "root",
  "version": 7
}
