{
  "nodes": {
    "nixpkgs": {
      "inputs": {
        "nixpkgs": "nixpkgs_2"
      },
      "locked": {
        "lastModified": 1788466085,
        "narHash": "sha256-gjz9GqqQWMjpfQPEbY2luI+PVCNnoa0ZJFvlivCBmVE=",
        "owner": "nix-ocaml",
        "repo": "nix-overlays",
        "rev": "0519bbd7db0136f126bd7abf2b19bc84339aa6d8",
        "type": "github"
      },
      "original": {
        "owner": "nix-ocaml",
        "repo": "nix-overlays",
        "type": "github"
      }
    },
    "nixpkgs_2": {
      "locked": {
        "lastModified": 1788456250,
        "narHash": "sha256-fEc3AT40nBGFxO2x9QFtLhVLkika4ETBcESMIr5gsCo=",
        "owner": "NixOS",
        "repo": "nixpkgs",
        "rev": "1cbdaeda5d3b5a9c2b97fec74cc0f15ce4d3fba8",
        "type": "github"
      },
      "original": {
        "owner": "NixOS",
        "repo": "nixpkgs",
        "rev": "1cbdaeda5d3b5a9c2b97fec74cc0f15ce4d3fba8",
        "type": "github"
      }
    },
    "root": {
      "inputs": {
        "nixpkgs": "nixpkgs",
        "treefmt-nix": "treefmt-nix"
      }
    },
    "treefmt-nix": {
      "inputs": {
        "nixpkgs": [
          "nixpkgs"
        ]
      },
      "locked": {
        "lastModified": 1786901030,
        "narHash": "sha256-WSFCsDSE5ffgD2MqzkM2CYjeFiKhRF/dJUN8uedb6YE=",
        "owner": "numtide",
        "repo": "treefmt-nix",
        "rev": "27b3b12a8e6375f28ebe122f07d230ca5459bbfa",
        "type": "github"
      },
      "original": {
        "owner": "numtide",
        "repo": "treefmt-nix",
        "type": "github"
      }
    }
  },
  "root": "root",
  "version": 7
}
